
Microsoft Visual Studio Solution File, Format Version 12.00
# Visual Studio Version 17
VisualStudioVersion = 17.6.33829.357
MinimumVisualStudioVersion = 10.0.40219.1
Project("{FAE04EC0-301F-11D3-BF4B-00C04F79EFBC}") = "CRUDExample", "CRUDExample\CRUDExample.csproj", "{C79B0934-C74F-456B-87FE-B3F675664FDD}"
EndProject
Project("{FAE04EC0-301F-11D3-BF4B-00C04F79EFBC}") = "CRUDTests", "CRUDTests\CRUDTests.csproj", "{C7D1BBCD-B762-43A6-9C40-B4432060621F}"
EndProject
Project("{FAE04EC0-301F-11D3-BF4B-00C04F79EFBC}") = "Entities", "Entities\Entities.csproj", "{CD43E3EF-7A4F-49F4-9DCC-E177475BA66A}"
EndProject
Project("{FAE04EC0-301F-11D3-BF4B-00C04F79EFBC}") = "ServiceContracts", "ServiceContracts\ServiceContracts.csproj", "{4420EC54-2927-493D-8DA5-FD0FB95A91CE}"
EndProject
Project("{FAE04EC0-301F-11D3-BF4B-00C04F79EFBC}") = "Services", "Services\Services.csproj", "{F292E53D-EC75-49E4-900E-C1E2E382A9E9}"
EndProject
Global
	GlobalSection(SolutionConfigurationPlatforms) = preSolution
		Debug|Any CPU = Debug|Any CPU
		Release|Any CPU = Release|Any CPU
	EndGlobalSection
	GlobalSection(ProjectConfigurationPlatforms) = postSolution
		{C79B0934-C74F-456B-87FE-B3F675664FDD}.Debug|Any CPU.ActiveCfg = Debug|Any CPU
		{C79B0934-C74F-456B-87FE-B3F675664FDD}.Debug|Any CPU.Build.0 = Debug|Any CPU
		{C79B0934-C74F-456B-87FE-B3F675664FDD}.Release|Any CPU.ActiveCfg = Release|Any CPU
		{C79B0934-C74F-456B-87FE-B3F675664FDD}.Release|Any CPU.Build.0 = Release|Any CPU
		{C7D1BBCD-B762-43A6-9C40-B4432060621F}.Debug|Any CPU.ActiveCfg = Debug|Any CPU
		{C7D1BBCD-B762-43A6-9C40-B4432060621F}.Debug|Any CPU.Build.0 = Debug|Any CPU
		{C7D1BBCD-B762-43A6-9C40-B4432060621F}.Release|Any CPU.ActiveCfg = Release|Any CPU
		{C7D1BBCD-B762-43A6-9C40-B4432060621F}.Release|Any CPU.Build.0 = Release|Any CPU
		{CD43E3EF-7A4F-49F4-9DCC-E177475BA66A}.Debug|Any CPU.ActiveCfg = Debug|Any CPU
		{CD43E3EF-7A4F-49F4-9DCC-E177475BA66A}.Debug|Any CPU.Build.0 = Debug|Any CPU
		{CD43E3EF-7A4F-49F4-9DCC-E177475BA66A}.Release|Any CPU.ActiveCfg = Release|Any CPU
		{CD43E3EF-7A4F-49F4-9DCC-E177475BA66A}.Release|Any CPU.Build.0 = Release|Any CPU
		{4420EC54-2927-493D-8DA5-FD0FB95A91CE}.Debug|Any CPU.ActiveCfg = Debug|Any CPU
		{4420EC54-2927-493D-8DA5-FD0FB95A91CE}.Debug|Any CPU.Build.0 = Debug|Any CPU
		{4420EC54-2927-493D-8DA5-FD0FB95A91CE}.Release|Any CPU.ActiveCfg = Release|Any CPU
		{4420EC54-2927-493D-8DA5-FD0FB95A91CE}.Release|Any CPU.Build.0 = Release|Any CPU
		{F292E53D-EC75-49E4-900E-C1E2E382A9E9}.Debug|Any CPU.ActiveCfg = Debug|Any CPU
		{F292E53D-EC75-49E4-900E-C1E2E382A9E9}.Debug|Any CPU.Build.0 = Debug|Any CPU
		{F292E53D-EC75-49E4-900E-C1E2E382A9E9}.Release|Any CPU.ActiveCfg = Release|Any CPU
		{F292E53D-EC75-49E4-900E-C1E2E382A9E9}.Release|Any CPU.Build.0 = Release|Any CPU
	EndGlobalSection
	GlobalSection(SolutionProperties) = preSolution
		HideSolutionNode = FALSE
	EndGlobalSection
	GlobalSection(ExtensibilityGlobals) = postSolution
		SolutionGuid = {D2D4CF0C-F78A-4768-8D46-A534A1333BC1}
	EndGlobalSection
EndGlobal
